PODS:
  - SwiftSignatureView (2.0.0)

DEPENDENCIES:
  - SwiftSignatureView (from `../`)

EXTERNAL SOURCES:
  SwiftSignatureView:
    :path: "../"

SPEC CHECKSUMS:
  SwiftSignatureView: aacf6b4fb9108d79b76af1d3f23a50ff50a0a98f

PODFILE CHECKSUM: 929bc4f63ccd9f7c282d28b1a54f6826f4f90465

COCOAPODS: 1.6.1
