PODS:
  - SwiftSignatureView (2.1.0)

DEPENDENCIES:
  - SwiftSignatureView (from `../`)

EXTERNAL SOURCES:
  SwiftSignatureView:
    :path: "../"

SPEC CHECKSUMS:
  SwiftSignatureView: efb3f1bd1c4d242dfd53f1049d35a03669bd5c7d

PODFILE CHECKSUM: 929bc4f63ccd9f7c282d28b1a54f6826f4f90465

COCOAPODS: 1.6.1
